
Microsoft Visual Studio Solution File, Format Version 12.00
# Visual Studio Version 17
VisualStudioVersion = 17.5.33530.505
MinimumVisualStudioVersion = 10.0.40219.1
Project("{9A19103F-16F7-4668-BE54-9A1E7A4F7556}") = "JingleJangle", "JingleJangle\JingleJangle.csproj", "{2C31ACAF-537B-434C-89A4-045F6D9347FA}"
EndProject
Project("{9A19103F-16F7-4668-BE54-9A1E7A4F7556}") = "DataAccessLayer", "DataAccessLayer\DataAccessLayer.csproj", "{446EB903-7CC9-4AA6-B191-7E8451A9B2B6}"
EndProject
Project("{FAE04EC0-301F-11D3-BF4B-00C04F79EFBC}") = "AppControllerUnitTest", "AppControllerUnitTest\AppControllerUnitTest.csproj", "{93C88FBF-3CA1-4644-9002-F8ED56CF482B}"
EndProject
Global
	GlobalSection(SolutionConfigurationPlatforms) = preSolution
		Debug|Any CPU = Debug|Any CPU
		Release|Any CPU = Release|Any CPU
	EndGlobalSection
	GlobalSection(ProjectConfigurationPlatforms) = postSolution
		{2C31ACAF-537B-434C-89A4-045F6D9347FA}.Debug|Any CPU.ActiveCfg = Debug|Any CPU
		{2C31ACAF-537B-434C-89A4-045F6D9347FA}.Debug|Any CPU.Build.0 = Debug|Any CPU
		{2C31ACAF-537B-434C-89A4-045F6D9347FA}.Release|Any CPU.ActiveCfg = Release|Any CPU
		{2C31ACAF-537B-434C-89A4-045F6D9347FA}.Release|Any CPU.Build.0 = Release|Any CPU
		{446EB903-7CC9-4AA6-B191-7E8451A9B2B6}.Debug|Any CPU.ActiveCfg = Debug|Any CPU
		{446EB903-7CC9-4AA6-B191-7E8451A9B2B6}.Debug|Any CPU.Build.0 = Debug|Any CPU
		{446EB903-7CC9-4AA6-B191-7E8451A9B2B6}.Release|Any CPU.ActiveCfg = Release|Any CPU
		{446EB903-7CC9-4AA6-B191-7E8451A9B2B6}.Release|Any CPU.Build.0 = Release|Any CPU
		{93C88FBF-3CA1-4644-9002-F8ED56CF482B}.Debug|Any CPU.ActiveCfg = Debug|Any CPU
		{93C88FBF-3CA1-4644-9002-F8ED56CF482B}.Debug|Any CPU.Build.0 = Debug|Any CPU
		{93C88FBF-3CA1-4644-9002-F8ED56CF482B}.Release|Any CPU.ActiveCfg = Release|Any CPU
		{93C88FBF-3CA1-4644-9002-F8ED56CF482B}.Release|Any CPU.Build.0 = Release|Any CPU
	EndGlobalSection
	GlobalSection(SolutionProperties) = preSolution
		HideSolutionNode = FALSE
	EndGlobalSection
	GlobalSection(ExtensibilityGlobals) = postSolution
		SolutionGuid = {920092F4-5BC4-4B8C-A2EB-07580711CE03}
	EndGlobalSection
EndGlobal
